{
  "name": "@anthropic-ai/claude-code",
  "version": "1.0.54",
  "lockfileVersion": 3,
  "requires": true,
  "packages": {
    "": {
      "name": "@anthropic-ai/claude-code",
      "version": "1.0.54",
      "hasInstallScript": true,
      "license": "SEE LICENSE IN LICENSE.txt",
      "bin": {
        "claude": "bin/claude"
      },
      "engines": {
        "node": ">=16.0.0"
      },
      "optionalDependencies": {
        "@rollup/rollup-android-arm-eabi": "4.9.4",
        "@rollup/rollup-android-arm64": "4.9.4",
        "@rollup/rollup-darwin-arm64": "4.9.4",
        "@rollup/rollup-darwin-x64": "4.9.4",
        "@rollup/rollup-linux-arm-gnueabihf": "4.9.4",
        "@rollup/rollup-linux-arm64-gnu": "4.9.4",
        "@rollup/rollup-linux-arm64-musl": "4.9.4",
        "@rollup/rollup-linux-riscv64-gnu": "4.9.4",
        "@rollup/rollup-linux-x64-gnu": "4.9.4",
        "@rollup/rollup-linux-x64-musl": "4.9.4",
        "@rollup/rollup-win32-arm64-msvc": "4.9.4",
        "@rollup/rollup-win32-ia32-msvc": "4.9.4",
        "@rollup/rollup-win32-x64-msvc": "4.9.4",
        "fsevents": "~2.3.2"
      }
    }
  }
}